
Microsoft Visual Studio Solution File, Format Version 12.00
# Visual Studio 15
VisualStudioVersion = 15.0.26430.14
MinimumVisualStudioVersion = 10.0.40219.1
Project("{FAE04EC0-301F-11D3-BF4B-00C04F79EFBC}") = "Itcast视频", "Itcast视频\Itcast视频.csproj", "{7038836F-257D-4634-AF4C-864AB07F2649}"
EndProject
Project("{FAE04EC0-301F-11D3-BF4B-00C04F79EFBC}") = "Itcast视频WinForm", "Itcast视频WinForm\Itcast视频WinForm.csproj", "{28EA509D-F935-456C-80ED-3C2D75896671}"
EndProject
Project("{FAE04EC0-301F-11D3-BF4B-00C04F79EFBC}") = "ClassLibrary1", "ClassLibrary1\ClassLibrary1.csproj", "{1147FA1C-B304-42C5-9A7E-D56282E187FE}"
EndProject
Project("{FAE04EC0-301F-11D3-BF4B-00C04F79EFBC}") = "Buffet店", "Buffet店\Buffet店.csproj", "{735F4EAD-FA56-4ABD-831B-37724B047E79}"
EndProject
Project("{FAE04EC0-301F-11D3-BF4B-00C04F79EFBC}") = "WindowsFormsApp1", "WindowsFormsApp1\WindowsFormsApp1.csproj", "{1BEA55B5-487E-43B7-A9DB-68AC8E98C43F}"
EndProject
Global
	GlobalSection(SolutionConfigurationPlatforms) = preSolution
		Debug|Any CPU = Debug|Any CPU
		Release|Any CPU = Release|Any CPU
	EndGlobalSection
	GlobalSection(ProjectConfigurationPlatforms) = postSolution
		{7038836F-257D-4634-AF4C-864AB07F2649}.Debug|Any CPU.ActiveCfg = Debug|Any CPU
		{7038836F-257D-4634-AF4C-864AB07F2649}.Debug|Any CPU.Build.0 = Debug|Any CPU
		{7038836F-257D-4634-AF4C-864AB07F2649}.Release|Any CPU.ActiveCfg = Release|Any CPU
		{7038836F-257D-4634-AF4C-864AB07F2649}.Release|Any CPU.Build.0 = Release|Any CPU
		{28EA509D-F935-456C-80ED-3C2D75896671}.Debug|Any CPU.ActiveCfg = Debug|Any CPU
		{28EA509D-F935-456C-80ED-3C2D75896671}.Debug|Any CPU.Build.0 = Debug|Any CPU
		{28EA509D-F935-456C-80ED-3C2D75896671}.Release|Any CPU.ActiveCfg = Release|Any CPU
		{28EA509D-F935-456C-80ED-3C2D75896671}.Release|Any CPU.Build.0 = Release|Any CPU
		{1147FA1C-B304-42C5-9A7E-D56282E187FE}.Debug|Any CPU.ActiveCfg = Debug|Any CPU
		{1147FA1C-B304-42C5-9A7E-D56282E187FE}.Debug|Any CPU.Build.0 = Debug|Any CPU
		{1147FA1C-B304-42C5-9A7E-D56282E187FE}.Release|Any CPU.ActiveCfg = Release|Any CPU
		{1147FA1C-B304-42C5-9A7E-D56282E187FE}.Release|Any CPU.Build.0 = Release|Any CPU
		{735F4EAD-FA56-4ABD-831B-37724B047E79}.Debug|Any CPU.ActiveCfg = Debug|Any CPU
		{735F4EAD-FA56-4ABD-831B-37724B047E79}.Debug|Any CPU.Build.0 = Debug|Any CPU
		{735F4EAD-FA56-4ABD-831B-37724B047E79}.Release|Any CPU.ActiveCfg = Release|Any CPU
		{735F4EAD-FA56-4ABD-831B-37724B047E79}.Release|Any CPU.Build.0 = Release|Any CPU
		{1BEA55B5-487E-43B7-A9DB-68AC8E98C43F}.Debug|Any CPU.ActiveCfg = Debug|Any CPU
		{1BEA55B5-487E-43B7-A9DB-68AC8E98C43F}.Debug|Any CPU.Build.0 = Debug|Any CPU
		{1BEA55B5-487E-43B7-A9DB-68AC8E98C43F}.Release|Any CPU.ActiveCfg = Release|Any CPU
		{1BEA55B5-487E-43B7-A9DB-68AC8E98C43F}.Release|Any CPU.Build.0 = Release|Any CPU
	EndGlobalSection
	GlobalSection(SolutionProperties) = preSolution
		HideSolutionNode = FALSE
	EndGlobalSection
EndGlobal
